
Microsoft Visual Studio Solution File, Format Version 12.00
# Visual Studio 15
VisualStudioVersion = 15.0.28307.421
MinimumVisualStudioVersion = 10.0.40219.1
Project("{FAE04EC0-301F-11D3-BF4B-00C04F79EFBC}") = "Stenography", "Stenography\Stenography.csproj", "{48BD9CBD-90BA-4558-87A7-4F195B6FA524}"
EndProject
Global
	GlobalSection(SolutionConfigurationPlatforms) = preSolution
		Debug|Any CPU = Debug|Any CPU
		Release|Any CPU = Release|Any CPU
	EndGlobalSection
	GlobalSection(ProjectConfigurationPlatforms) = postSolution
		{48BD9CBD-90BA-4558-87A7-4F195B6FA524}.Debug|Any CPU.ActiveCfg = Debug|Any CPU
		{48BD9CBD-90BA-4558-87A7-4F195B6FA524}.Debug|Any CPU.Build.0 = Debug|Any CPU
		{48BD9CBD-90BA-4558-87A7-4F195B6FA524}.Release|Any CPU.ActiveCfg = Release|Any CPU
		{48BD9CBD-90BA-4558-87A7-4F195B6FA524}.Release|Any CPU.Build.0 = Release|Any CPU
	EndGlobalSection
	GlobalSection(SolutionProperties) = preSolution
		HideSolutionNode = FALSE
	EndGlobalSection
	GlobalSection(ExtensibilityGlobals) = postSolution
		SolutionGuid = {22B7F8F9-3B61-44F2-A17B-46C51C1DA9B7}
	EndGlobalSection
EndGlobal
